
Microsoft Visual Studio Solution File, Format Version 12.00
# Visual Studio 2012
Project("{F184B08F-C81C-45F6-A57F-5ABD9991F28F}") = "SGAFP_EL", "SGAFP_EL\SGAFP_EL.vbproj", "{810B5DF9-6F33-43C4-9ED8-29C0786BE11E}"
EndProject
Project("{F184B08F-C81C-45F6-A57F-5ABD9991F28F}") = "SGAFP_DL", "SGAFP_DL\SGAFP_DL.vbproj", "{42A91AA2-475A-4BBA-8A0A-B7F4CB17796F}"
EndProject
Project("{F184B08F-C81C-45F6-A57F-5ABD9991F28F}") = "SGAFP_BL", "SGAFP_BL\SGAFP_BL.vbproj", "{BCF1CEF8-83B8-4010-9405-A3EA043B8E9C}"
EndProject
Project("{F184B08F-C81C-45F6-A57F-5ABD9991F28F}") = "SGAFP_WebUC", "SGAFP_WebUC\SGAFP_WebUC.vbproj", "{0EEE6B7C-964F-4564-BB1C-42E3E404558D}"
EndProject
Project("{F184B08F-C81C-45F6-A57F-5ABD9991F28F}") = "SGAFP_RL", "SGAFP_RL\SGAFP_RL.vbproj", "{8F42A618-B3A4-4B5E-B15F-BA919191542E}"
EndProject
Project("{E24C65DC-7377-472B-9ABA-BC803B73C61A}") = "SGAFP", "SGAFP", "{7647B5A4-D283-405B-9F59-EFD629E1A6C4}"
	ProjectSection(WebsiteProperties) = preProject
		SccProjectName = "SAK"
		SccAuxPath = "SAK"
		SccLocalPath = "SAK"
		SccProvider = "SAK"
		Frontpage = "false"
		TargetFrameworkMoniker = ".NETFramework,Version%3Dv3.5"
		ProjectReferences = "{810B5DF9-6F33-43C4-9ED8-29C0786BE11E}|SGAFP_EL.dll;{BCF1CEF8-83B8-4010-9405-A3EA043B8E9C}|SGAFP_BL.dll;{42A91AA2-475A-4BBA-8A0A-B7F4CB17796F}|SGAFP_DL.dll;{0EEE6B7C-964F-4564-BB1C-42E3E404558D}|SGAFP_WebUC.dll;{8F42A618-B3A4-4B5E-B15F-BA919191542E}|SGAFP_RL.dll;"
		Debug.AspNetCompiler.VirtualPath = "/SGAFP"
		Debug.AspNetCompiler.PhysicalPath = "SGAFP\"
		Debug.AspNetCompiler.TargetPath = "PrecompiledWeb\SGAFP\"
		Debug.AspNetCompiler.Updateable = "true"
		Debug.AspNetCompiler.ForceOverwrite = "true"
		Debug.AspNetCompiler.FixedNames = "false"
		Debug.AspNetCompiler.Debug = "True"
		Release.AspNetCompiler.VirtualPath = "/SGAFP"
		Release.AspNetCompiler.PhysicalPath = "SGAFP\"
		Release.AspNetCompiler.TargetPath = "PrecompiledWeb\SGAFP\"
		Release.AspNetCompiler.Updateable = "true"
		Release.AspNetCompiler.ForceOverwrite = "true"
		Release.AspNetCompiler.FixedNames = "false"
		Release.AspNetCompiler.Debug = "False"
		VWDPort = "57530"
	EndProjectSection
EndProject
Global
	GlobalSection(SolutionConfigurationPlatforms) = preSolution
		Debug|.NET = Debug|.NET
		Debug|Any CPU = Debug|Any CPU
		Debug|Mixed Platforms = Debug|Mixed Platforms
		Debug|Win32 = Debug|Win32
		Release|.NET = Release|.NET
		Release|Any CPU = Release|Any CPU
		Release|Mixed Platforms = Release|Mixed Platforms
		Release|Win32 = Release|Win32
	EndGlobalSection
	GlobalSection(ProjectConfigurationPlatforms) = postSolution
		{810B5DF9-6F33-43C4-9ED8-29C0786BE11E}.Debug|.NET.ActiveCfg = Debug|Any CPU
		{810B5DF9-6F33-43C4-9ED8-29C0786BE11E}.Debug|.NET.Build.0 = Debug|Any CPU
		{810B5DF9-6F33-43C4-9ED8-29C0786BE11E}.Debug|Any CPU.ActiveCfg = Debug|Any CPU
		{810B5DF9-6F33-43C4-9ED8-29C0786BE11E}.Debug|Any CPU.Build.0 = Debug|Any CPU
		{810B5DF9-6F33-43C4-9ED8-29C0786BE11E}.Debug|Mixed Platforms.ActiveCfg = Debug|Any CPU
		{810B5DF9-6F33-43C4-9ED8-29C0786BE11E}.Debug|Mixed Platforms.Build.0 = Debug|Any CPU
		{810B5DF9-6F33-43C4-9ED8-29C0786BE11E}.Debug|Win32.ActiveCfg = Debug|Any CPU
		{810B5DF9-6F33-43C4-9ED8-29C0786BE11E}.Debug|Win32.Build.0 = Debug|Any CPU
		{810B5DF9-6F33-43C4-9ED8-29C0786BE11E}.Release|.NET.ActiveCfg = Release|Any CPU
		{810B5DF9-6F33-43C4-9ED8-29C0786BE11E}.Release|.NET.Build.0 = Release|Any CPU
		{810B5DF9-6F33-43C4-9ED8-29C0786BE11E}.Release|Any CPU.ActiveCfg = Release|Any CPU
		{810B5DF9-6F33-43C4-9ED8-29C0786BE11E}.Release|Any CPU.Build.0 = Release|Any CPU
		{810B5DF9-6F33-43C4-9ED8-29C0786BE11E}.Release|Mixed Platforms.ActiveCfg = Release|Any CPU
		{810B5DF9-6F33-43C4-9ED8-29C0786BE11E}.Release|Mixed Platforms.Build.0 = Release|Any CPU
		{810B5DF9-6F33-43C4-9ED8-29C0786BE11E}.Release|Win32.ActiveCfg = Release|Any CPU
		{42A91AA2-475A-4BBA-8A0A-B7F4CB17796F}.Debug|.NET.ActiveCfg = Debug|Any CPU
		{42A91AA2-475A-4BBA-8A0A-B7F4CB17796F}.Debug|.NET.Build.0 = Debug|Any CPU
		{42A91AA2-475A-4BBA-8A0A-B7F4CB17796F}.Debug|Any CPU.ActiveCfg = Debug|Any CPU
		{42A91AA2-475A-4BBA-8A0A-B7F4CB17796F}.Debug|Any CPU.Build.0 = Debug|Any CPU
		{42A91AA2-475A-4BBA-8A0A-B7F4CB17796F}.Debug|Mixed Platforms.ActiveCfg = Debug|Any CPU
		{42A91AA2-475A-4BBA-8A0A-B7F4CB17796F}.Debug|Mixed Platforms.Build.0 = Debug|Any CPU
		{42A91AA2-475A-4BBA-8A0A-B7F4CB17796F}.Debug|Win32.ActiveCfg = Debug|Any CPU
		{42A91AA2-475A-4BBA-8A0A-B7F4CB17796F}.Debug|Win32.Build.0 = Debug|Any CPU
		{42A91AA2-475A-4BBA-8A0A-B7F4CB17796F}.Release|.NET.ActiveCfg = Release|Any CPU
		{42A91AA2-475A-4BBA-8A0A-B7F4CB17796F}.Release|.NET.Build.0 = Release|Any CPU
		{42A91AA2-475A-4BBA-8A0A-B7F4CB17796F}.Release|Any CPU.ActiveCfg = Release|Any CPU
		{42A91AA2-475A-4BBA-8A0A-B7F4CB17796F}.Release|Any CPU.Build.0 = Release|Any CPU
		{42A91AA2-475A-4BBA-8A0A-B7F4CB17796F}.Release|Mixed Platforms.ActiveCfg = Release|Any CPU
		{42A91AA2-475A-4BBA-8A0A-B7F4CB17796F}.Release|Mixed Platforms.Build.0 = Release|Any CPU
		{42A91AA2-475A-4BBA-8A0A-B7F4CB17796F}.Release|Win32.ActiveCfg = Release|Any CPU
		{BCF1CEF8-83B8-4010-9405-A3EA043B8E9C}.Debug|.NET.ActiveCfg = Debug|Any CPU
		{BCF1CEF8-83B8-4010-9405-A3EA043B8E9C}.Debug|.NET.Build.0 = Debug|Any CPU
		{BCF1CEF8-83B8-4010-9405-A3EA043B8E9C}.Debug|Any CPU.ActiveCfg = Debug|Any CPU
		{BCF1CEF8-83B8-4010-9405-A3EA043B8E9C}.Debug|Any CPU.Build.0 = Debug|Any CPU
		{BCF1CEF8-83B8-4010-9405-A3EA043B8E9C}.Debug|Mixed Platforms.ActiveCfg = Debug|Any CPU
		{BCF1CEF8-83B8-4010-9405-A3EA043B8E9C}.Debug|Mixed Platforms.Build.0 = Debug|Any CPU
		{BCF1CEF8-83B8-4010-9405-A3EA043B8E9C}.Debug|Win32.ActiveCfg = Debug|Any CPU
		{BCF1CEF8-83B8-4010-9405-A3EA043B8E9C}.Debug|Win32.Build.0 = Debug|Any CPU
		{BCF1CEF8-83B8-4010-9405-A3EA043B8E9C}.Release|.NET.ActiveCfg = Release|Any CPU
		{BCF1CEF8-83B8-4010-9405-A3EA043B8E9C}.Release|.NET.Build.0 = Release|Any CPU
		{BCF1CEF8-83B8-4010-9405-A3EA043B8E9C}.Release|Any CPU.ActiveCfg = Release|Any CPU
		{BCF1CEF8-83B8-4010-9405-A3EA043B8E9C}.Release|Any CPU.Build.0 = Release|Any CPU
		{BCF1CEF8-83B8-4010-9405-A3EA043B8E9C}.Release|Mixed Platforms.ActiveCfg = Release|Any CPU
		{BCF1CEF8-83B8-4010-9405-A3EA043B8E9C}.Release|Mixed Platforms.Build.0 = Release|Any CPU
		{BCF1CEF8-83B8-4010-9405-A3EA043B8E9C}.Release|Win32.ActiveCfg = Release|Any CPU
		{0EEE6B7C-964F-4564-BB1C-42E3E404558D}.Debug|.NET.ActiveCfg = Debug|Any CPU
		{0EEE6B7C-964F-4564-BB1C-42E3E404558D}.Debug|.NET.Build.0 = Debug|Any CPU
		{0EEE6B7C-964F-4564-BB1C-42E3E404558D}.Debug|Any CPU.ActiveCfg = Debug|Any CPU
		{0EEE6B7C-964F-4564-BB1C-42E3E404558D}.Debug|Any CPU.Build.0 = Debug|Any CPU
		{0EEE6B7C-964F-4564-BB1C-42E3E404558D}.Debug|Mixed Platforms.ActiveCfg = Debug|Any CPU
		{0EEE6B7C-964F-4564-BB1C-42E3E404558D}.Debug|Mixed Platforms.Build.0 = Debug|Any CPU
		{0EEE6B7C-964F-4564-BB1C-42E3E404558D}.Debug|Win32.ActiveCfg = Debug|Any CPU
		{0EEE6B7C-964F-4564-BB1C-42E3E404558D}.Debug|Win32.Build.0 = Debug|Any CPU
		{0EEE6B7C-964F-4564-BB1C-42E3E404558D}.Release|.NET.ActiveCfg = Release|Any CPU
		{0EEE6B7C-964F-4564-BB1C-42E3E404558D}.Release|.NET.Build.0 = Release|Any CPU
		{0EEE6B7C-964F-4564-BB1C-42E3E404558D}.Release|Any CPU.ActiveCfg = Release|Any CPU
		{0EEE6B7C-964F-4564-BB1C-42E3E404558D}.Release|Any CPU.Build.0 = Release|Any CPU
		{0EEE6B7C-964F-4564-BB1C-42E3E404558D}.Release|Mixed Platforms.ActiveCfg = Release|Any CPU
		{0EEE6B7C-964F-4564-BB1C-42E3E404558D}.Release|Mixed Platforms.Build.0 = Release|Any CPU
		{0EEE6B7C-964F-4564-BB1C-42E3E404558D}.Release|Win32.ActiveCfg = Release|Any CPU
		{8F42A618-B3A4-4B5E-B15F-BA919191542E}.Debug|.NET.ActiveCfg = Debug|Any CPU
		{8F42A618-B3A4-4B5E-B15F-BA919191542E}.Debug|.NET.Build.0 = Debug|Any CPU
		{8F42A618-B3A4-4B5E-B15F-BA919191542E}.Debug|Any CPU.ActiveCfg = Debug|Any CPU
		{8F42A618-B3A4-4B5E-B15F-BA919191542E}.Debug|Any CPU.Build.0 = Debug|Any CPU
		{8F42A618-B3A4-4B5E-B15F-BA919191542E}.Debug|Mixed Platforms.ActiveCfg = Debug|Any CPU
		{8F42A618-B3A4-4B5E-B15F-BA919191542E}.Debug|Mixed Platforms.Build.0 = Debug|Any CPU
		{8F42A618-B3A4-4B5E-B15F-BA919191542E}.Debug|Win32.ActiveCfg = Debug|Any CPU
		{8F42A618-B3A4-4B5E-B15F-BA919191542E}.Debug|Win32.Build.0 = Debug|Any CPU
		{8F42A618-B3A4-4B5E-B15F-BA919191542E}.Release|.NET.ActiveCfg = Release|Any CPU
		{8F42A618-B3A4-4B5E-B15F-BA919191542E}.Release|.NET.Build.0 = Release|Any CPU
		{8F42A618-B3A4-4B5E-B15F-BA919191542E}.Release|Any CPU.ActiveCfg = Release|Any CPU
		{8F42A618-B3A4-4B5E-B15F-BA919191542E}.Release|Any CPU.Build.0 = Release|Any CPU
		{8F42A618-B3A4-4B5E-B15F-BA919191542E}.Release|Mixed Platforms.ActiveCfg = Release|Any CPU
		{8F42A618-B3A4-4B5E-B15F-BA919191542E}.Release|Mixed Platforms.Build.0 = Release|Any CPU
		{8F42A618-B3A4-4B5E-B15F-BA919191542E}.Release|Win32.ActiveCfg = Release|Any CPU
		{7647B5A4-D283-405B-9F59-EFD629E1A6C4}.Debug|.NET.ActiveCfg = Debug|Any CPU
		{7647B5A4-D283-405B-9F59-EFD629E1A6C4}.Debug|.NET.Build.0 = Debug|Any CPU
		{7647B5A4-D283-405B-9F59-EFD629E1A6C4}.Debug|Any CPU.ActiveCfg = Debug|Any CPU
		{7647B5A4-D283-405B-9F59-EFD629E1A6C4}.Debug|Any CPU.Build.0 = Debug|Any CPU
		{7647B5A4-D283-405B-9F59-EFD629E1A6C4}.Debug|Mixed Platforms.ActiveCfg = Debug|Any CPU
		{7647B5A4-D283-405B-9F59-EFD629E1A6C4}.Debug|Mixed Platforms.Build.0 = Debug|Any CPU
		{7647B5A4-D283-405B-9F59-EFD629E1A6C4}.Debug|Win32.ActiveCfg = Debug|Any CPU
		{7647B5A4-D283-405B-9F59-EFD629E1A6C4}.Debug|Win32.Build.0 = Debug|Any CPU
		{7647B5A4-D283-405B-9F59-EFD629E1A6C4}.Release|.NET.ActiveCfg = Debug|Any CPU
		{7647B5A4-D283-405B-9F59-EFD629E1A6C4}.Release|Any CPU.ActiveCfg = Debug|Any CPU
		{7647B5A4-D283-405B-9F59-EFD629E1A6C4}.Release|Any CPU.Build.0 = Debug|Any CPU
		{7647B5A4-D283-405B-9F59-EFD629E1A6C4}.Release|Mixed Platforms.ActiveCfg = Debug|Any CPU
		{7647B5A4-D283-405B-9F59-EFD629E1A6C4}.Release|Mixed Platforms.Build.0 = Debug|Any CPU
		{7647B5A4-D283-405B-9F59-EFD629E1A6C4}.Release|Win32.ActiveCfg = Debug|Any CPU
	EndGlobalSection
	GlobalSection(SolutionProperties) = preSolution
		HideSolutionNode = FALSE
	EndGlobalSection
EndGlobal
